
Microsoft Visual Studio Solution File, Format Version 12.00
# Visual Studio Version 16
VisualStudioVersion = 16.0.29519.181
MinimumVisualStudioVersion = 10.0.40219.1
Project("{FAE04EC0-301F-11D3-BF4B-00C04F79EFBC}") = "MITDER", "MITDER\MITDER.csproj", "{CFC3ADD6-916C-4FB5-83A5-5E7A77B94F06}"
EndProject
Project("{FAE04EC0-301F-11D3-BF4B-00C04F79EFBC}") = "Multimeters", "Multimeters\Multimeters.csproj", "{BABBF6A5-53FA-4EF8-AA86-DD1082172C56}"
EndProject
Project("{FAE04EC0-301F-11D3-BF4B-00C04F79EFBC}") = "Core", "Core\Core.csproj", "{2C5EAC7F-CA6B-4E21-873A-009B7A912013}"
EndProject
Project("{2150E333-8FDC-42A3-9474-1A3956D46DE8}") = "Solution Items", "Solution Items", "{05CC6B88-A9FE-4A1F-B6F1-2DB0FF1452BC}"
	ProjectSection(SolutionItems) = preProject
		Configurations.targets = Configurations.targets
	EndProjectSection
EndProject
Project("{FAE04EC0-301F-11D3-BF4B-00C04F79EFBC}") = "Indicators", "Indicators\Indicators.csproj", "{ADF3E301-C191-40DA-B59D-0D0B42A037F7}"
EndProject
Project("{2150E333-8FDC-42A3-9474-1A3956D46DE8}") = "Libraries", "Libraries", "{E913912F-2272-433A-BC24-2F8E5173451B}"
	ProjectSection(SolutionItems) = preProject
		Libraries\NationalInstruments.Visa.dll = Libraries\NationalInstruments.Visa.dll
		Libraries\NationalInstruments.Visa.msl = Libraries\NationalInstruments.Visa.msl
		Libraries\NationalInstruments.Visa.xml = Libraries\NationalInstruments.Visa.xml
	EndProjectSection
EndProject
Project("{FAE04EC0-301F-11D3-BF4B-00C04F79EFBC}") = "Services", "Extensions\Services.csproj", "{C037C0A0-FD6F-43E3-9684-EB3B94B44751}"
EndProject
Global
	GlobalSection(SolutionConfigurationPlatforms) = preSolution
		Debug|Any CPU = Debug|Any CPU
		Debug|Mixed Platforms = Debug|Mixed Platforms
		Debug|x86 = Debug|x86
		Release|Any CPU = Release|Any CPU
		Release|Mixed Platforms = Release|Mixed Platforms
		Release|x86 = Release|x86
		WithoutDevices|Any CPU = WithoutDevices|Any CPU
		WithoutDevices|Mixed Platforms = WithoutDevices|Mixed Platforms
		WithoutDevices|x86 = WithoutDevices|x86
	EndGlobalSection
	GlobalSection(ProjectConfigurationPlatforms) = postSolution
		{CFC3ADD6-916C-4FB5-83A5-5E7A77B94F06}.Debug|Any CPU.ActiveCfg = Debug|Any CPU
		{CFC3ADD6-916C-4FB5-83A5-5E7A77B94F06}.Debug|Any CPU.Build.0 = Debug|Any CPU
		{CFC3ADD6-916C-4FB5-83A5-5E7A77B94F06}.Debug|Mixed Platforms.ActiveCfg = Debug|Any CPU
		{CFC3ADD6-916C-4FB5-83A5-5E7A77B94F06}.Debug|Mixed Platforms.Build.0 = Debug|Any CPU
		{CFC3ADD6-916C-4FB5-83A5-5E7A77B94F06}.Debug|x86.ActiveCfg = Debug|Any CPU
		{CFC3ADD6-916C-4FB5-83A5-5E7A77B94F06}.Debug|x86.Build.0 = Debug|Any CPU
		{CFC3ADD6-916C-4FB5-83A5-5E7A77B94F06}.Release|Any CPU.ActiveCfg = Release|Any CPU
		{CFC3ADD6-916C-4FB5-83A5-5E7A77B94F06}.Release|Any CPU.Build.0 = Release|Any CPU
		{CFC3ADD6-916C-4FB5-83A5-5E7A77B94F06}.Release|Mixed Platforms.ActiveCfg = Release|Any CPU
		{CFC3ADD6-916C-4FB5-83A5-5E7A77B94F06}.Release|Mixed Platforms.Build.0 = Release|Any CPU
		{CFC3ADD6-916C-4FB5-83A5-5E7A77B94F06}.Release|x86.ActiveCfg = Release|Any CPU
		{CFC3ADD6-916C-4FB5-83A5-5E7A77B94F06}.Release|x86.Build.0 = Release|Any CPU
		{CFC3ADD6-916C-4FB5-83A5-5E7A77B94F06}.WithoutDevices|Any CPU.ActiveCfg = WithoutDevices|Any CPU
		{CFC3ADD6-916C-4FB5-83A5-5E7A77B94F06}.WithoutDevices|Any CPU.Build.0 = WithoutDevices|Any CPU
		{CFC3ADD6-916C-4FB5-83A5-5E7A77B94F06}.WithoutDevices|Mixed Platforms.ActiveCfg = WithoutDevices|Any CPU
		{CFC3ADD6-916C-4FB5-83A5-5E7A77B94F06}.WithoutDevices|Mixed Platforms.Build.0 = WithoutDevices|Any CPU
		{CFC3ADD6-916C-4FB5-83A5-5E7A77B94F06}.WithoutDevices|x86.ActiveCfg = WithoutDevices|Any CPU
		{CFC3ADD6-916C-4FB5-83A5-5E7A77B94F06}.WithoutDevices|x86.Build.0 = WithoutDevices|Any CPU
		{BABBF6A5-53FA-4EF8-AA86-DD1082172C56}.Debug|Any CPU.ActiveCfg = Debug|Any CPU
		{BABBF6A5-53FA-4EF8-AA86-DD1082172C56}.Debug|Any CPU.Build.0 = Debug|Any CPU
		{BABBF6A5-53FA-4EF8-AA86-DD1082172C56}.Debug|Mixed Platforms.ActiveCfg = Debug|Any CPU
		{BABBF6A5-53FA-4EF8-AA86-DD1082172C56}.Debug|Mixed Platforms.Build.0 = Debug|Any CPU
		{BABBF6A5-53FA-4EF8-AA86-DD1082172C56}.Debug|x86.ActiveCfg = Debug|Any CPU
		{BABBF6A5-53FA-4EF8-AA86-DD1082172C56}.Release|Any CPU.ActiveCfg = Release|Any CPU
		{BABBF6A5-53FA-4EF8-AA86-DD1082172C56}.Release|Any CPU.Build.0 = Release|Any CPU
		{BABBF6A5-53FA-4EF8-AA86-DD1082172C56}.Release|Mixed Platforms.ActiveCfg = Release|Any CPU
		{BABBF6A5-53FA-4EF8-AA86-DD1082172C56}.Release|Mixed Platforms.Build.0 = Release|Any CPU
		{BABBF6A5-53FA-4EF8-AA86-DD1082172C56}.Release|x86.ActiveCfg = Release|Any CPU
		{BABBF6A5-53FA-4EF8-AA86-DD1082172C56}.WithoutDevices|Any CPU.ActiveCfg = Release|Any CPU
		{BABBF6A5-53FA-4EF8-AA86-DD1082172C56}.WithoutDevices|Mixed Platforms.ActiveCfg = WithoutDevices|Any CPU
		{BABBF6A5-53FA-4EF8-AA86-DD1082172C56}.WithoutDevices|Mixed Platforms.Build.0 = WithoutDevices|Any CPU
		{BABBF6A5-53FA-4EF8-AA86-DD1082172C56}.WithoutDevices|x86.ActiveCfg = Release|Any CPU
		{2C5EAC7F-CA6B-4E21-873A-009B7A912013}.Debug|Any CPU.ActiveCfg = Debug|Any CPU
		{2C5EAC7F-CA6B-4E21-873A-009B7A912013}.Debug|Any CPU.Build.0 = Debug|Any CPU
		{2C5EAC7F-CA6B-4E21-873A-009B7A912013}.Debug|Mixed Platforms.ActiveCfg = Debug|Any CPU
		{2C5EAC7F-CA6B-4E21-873A-009B7A912013}.Debug|Mixed Platforms.Build.0 = Debug|Any CPU
		{2C5EAC7F-CA6B-4E21-873A-009B7A912013}.Debug|x86.ActiveCfg = Debug|Any CPU
		{2C5EAC7F-CA6B-4E21-873A-009B7A912013}.Release|Any CPU.ActiveCfg = Debug|Any CPU
		{2C5EAC7F-CA6B-4E21-873A-009B7A912013}.Release|Any CPU.Build.0 = Debug|Any CPU
		{2C5EAC7F-CA6B-4E21-873A-009B7A912013}.Release|Mixed Platforms.ActiveCfg = Debug|Any CPU
		{2C5EAC7F-CA6B-4E21-873A-009B7A912013}.Release|Mixed Platforms.Build.0 = Debug|Any CPU
		{2C5EAC7F-CA6B-4E21-873A-009B7A912013}.Release|x86.ActiveCfg = Debug|Any CPU
		{2C5EAC7F-CA6B-4E21-873A-009B7A912013}.Release|x86.Build.0 = Debug|Any CPU
		{2C5EAC7F-CA6B-4E21-873A-009B7A912013}.WithoutDevices|Any CPU.ActiveCfg = Debug|Any CPU
		{2C5EAC7F-CA6B-4E21-873A-009B7A912013}.WithoutDevices|Any CPU.Build.0 = Debug|Any CPU
		{2C5EAC7F-CA6B-4E21-873A-009B7A912013}.WithoutDevices|Mixed Platforms.ActiveCfg = WithoutDevices|Any CPU
		{2C5EAC7F-CA6B-4E21-873A-009B7A912013}.WithoutDevices|Mixed Platforms.Build.0 = WithoutDevices|Any CPU
		{2C5EAC7F-CA6B-4E21-873A-009B7A912013}.WithoutDevices|x86.ActiveCfg = Debug|Any CPU
		{2C5EAC7F-CA6B-4E21-873A-009B7A912013}.WithoutDevices|x86.Build.0 = Debug|Any CPU
		{ADF3E301-C191-40DA-B59D-0D0B42A037F7}.Debug|Any CPU.ActiveCfg = Debug|Any CPU
		{ADF3E301-C191-40DA-B59D-0D0B42A037F7}.Debug|Any CPU.Build.0 = Debug|Any CPU
		{ADF3E301-C191-40DA-B59D-0D0B42A037F7}.Debug|Mixed Platforms.ActiveCfg = Debug|Any CPU
		{ADF3E301-C191-40DA-B59D-0D0B42A037F7}.Debug|Mixed Platforms.Build.0 = Debug|Any CPU
		{ADF3E301-C191-40DA-B59D-0D0B42A037F7}.Debug|x86.ActiveCfg = Debug|Any CPU
		{ADF3E301-C191-40DA-B59D-0D0B42A037F7}.Debug|x86.Build.0 = Debug|Any CPU
		{ADF3E301-C191-40DA-B59D-0D0B42A037F7}.Release|Any CPU.ActiveCfg = Release|Any CPU
		{ADF3E301-C191-40DA-B59D-0D0B42A037F7}.Release|Any CPU.Build.0 = Release|Any CPU
		{ADF3E301-C191-40DA-B59D-0D0B42A037F7}.Release|Mixed Platforms.ActiveCfg = Release|Any CPU
		{ADF3E301-C191-40DA-B59D-0D0B42A037F7}.Release|Mixed Platforms.Build.0 = Release|Any CPU
		{ADF3E301-C191-40DA-B59D-0D0B42A037F7}.Release|x86.ActiveCfg = Release|Any CPU
		{ADF3E301-C191-40DA-B59D-0D0B42A037F7}.Release|x86.Build.0 = Release|Any CPU
		{ADF3E301-C191-40DA-B59D-0D0B42A037F7}.WithoutDevices|Any CPU.ActiveCfg = WithoutDevices|Any CPU
		{ADF3E301-C191-40DA-B59D-0D0B42A037F7}.WithoutDevices|Any CPU.Build.0 = WithoutDevices|Any CPU
		{ADF3E301-C191-40DA-B59D-0D0B42A037F7}.WithoutDevices|Mixed Platforms.ActiveCfg = WithoutDevices|Any CPU
		{ADF3E301-C191-40DA-B59D-0D0B42A037F7}.WithoutDevices|Mixed Platforms.Build.0 = WithoutDevices|Any CPU
		{ADF3E301-C191-40DA-B59D-0D0B42A037F7}.WithoutDevices|x86.ActiveCfg = WithoutDevices|Any CPU
		{ADF3E301-C191-40DA-B59D-0D0B42A037F7}.WithoutDevices|x86.Build.0 = WithoutDevices|Any CPU
		{C037C0A0-FD6F-43E3-9684-EB3B94B44751}.Debug|Any CPU.ActiveCfg = Debug|Any CPU
		{C037C0A0-FD6F-43E3-9684-EB3B94B44751}.Debug|Any CPU.Build.0 = Debug|Any CPU
		{C037C0A0-FD6F-43E3-9684-EB3B94B44751}.Debug|Mixed Platforms.ActiveCfg = Debug|Any CPU
		{C037C0A0-FD6F-43E3-9684-EB3B94B44751}.Debug|Mixed Platforms.Build.0 = Debug|Any CPU
		{C037C0A0-FD6F-43E3-9684-EB3B94B44751}.Debug|x86.ActiveCfg = Debug|Any CPU
		{C037C0A0-FD6F-43E3-9684-EB3B94B44751}.Debug|x86.Build.0 = Debug|Any CPU
		{C037C0A0-FD6F-43E3-9684-EB3B94B44751}.Release|Any CPU.ActiveCfg = Release|Any CPU
		{C037C0A0-FD6F-43E3-9684-EB3B94B44751}.Release|Any CPU.Build.0 = Release|Any CPU
		{C037C0A0-FD6F-43E3-9684-EB3B94B44751}.Release|Mixed Platforms.ActiveCfg = Release|Any CPU
		{C037C0A0-FD6F-43E3-9684-EB3B94B44751}.Release|Mixed Platforms.Build.0 = Release|Any CPU
		{C037C0A0-FD6F-43E3-9684-EB3B94B44751}.Release|x86.ActiveCfg = Release|Any CPU
		{C037C0A0-FD6F-43E3-9684-EB3B94B44751}.Release|x86.Build.0 = Release|Any CPU
		{C037C0A0-FD6F-43E3-9684-EB3B94B44751}.WithoutDevices|Any CPU.ActiveCfg = Release|Any CPU
		{C037C0A0-FD6F-43E3-9684-EB3B94B44751}.WithoutDevices|Any CPU.Build.0 = Release|Any CPU
		{C037C0A0-FD6F-43E3-9684-EB3B94B44751}.WithoutDevices|Mixed Platforms.ActiveCfg = WithoutDevices|Any CPU
		{C037C0A0-FD6F-43E3-9684-EB3B94B44751}.WithoutDevices|Mixed Platforms.Build.0 = WithoutDevices|Any CPU
		{C037C0A0-FD6F-43E3-9684-EB3B94B44751}.WithoutDevices|x86.ActiveCfg = Release|Any CPU
		{C037C0A0-FD6F-43E3-9684-EB3B94B44751}.WithoutDevices|x86.Build.0 = Release|Any CPU
	EndGlobalSection
	GlobalSection(SolutionProperties) = preSolution
		HideSolutionNode = FALSE
	EndGlobalSection
	GlobalSection(NestedProjects) = preSolution
		{E913912F-2272-433A-BC24-2F8E5173451B} = {05CC6B88-A9FE-4A1F-B6F1-2DB0FF1452BC}
	EndGlobalSection
	GlobalSection(ExtensibilityGlobals) = postSolution
		SolutionGuid = {184480C7-634C-4CB2-A081-35BB3346C8C9}
	EndGlobalSection
EndGlobal
